
Microsoft Visual Studio Solution File, Format Version 12.00
# Visual Studio Version 16
VisualStudioVersion = 16.0.29519.181
MinimumVisualStudioVersion = 10.0.40219.1
Project("{FAE04EC0-301F-11D3-BF4B-00C04F79EFBC}") = "BlobDataInsert", "BlobDataInsert\BlobDataInsert.csproj", "{7287DF79-3F3E-42F5-81A0-BE49D8BBA785}"
EndProject
Global
	GlobalSection(SolutionConfigurationPlatforms) = preSolution
		Debug|Any CPU = Debug|Any CPU
		Release|Any CPU = Release|Any CPU
	EndGlobalSection
	GlobalSection(ProjectConfigurationPlatforms) = postSolution
		{7287DF79-3F3E-42F5-81A0-BE49D8BBA785}.Debug|Any CPU.ActiveCfg = Debug|Any CPU
		{7287DF79-3F3E-42F5-81A0-BE49D8BBA785}.Debug|Any CPU.Build.0 = Debug|Any CPU
		{7287DF79-3F3E-42F5-81A0-BE49D8BBA785}.Release|Any CPU.ActiveCfg = Release|Any CPU
		{7287DF79-3F3E-42F5-81A0-BE49D8BBA785}.Release|Any CPU.Build.0 = Release|Any CPU
	EndGlobalSection
	GlobalSection(SolutionProperties) = preSolution
		HideSolutionNode = FALSE
	EndGlobalSection
	GlobalSection(ExtensibilityGlobals) = postSolution
		SolutionGuid = {CC414325-6B63-4A4C-94B0-A2ABD4F94701}
	EndGlobalSection
EndGlobal
